// !$*UTF8*$!
{
	archiveVersion = 1;
	classes = {
	};
	objectVersion = 51;
	objects = {

/* Begin PBXBuildFile section */
		31B10D1E2249CDA00027338A /* AppDelegate.swift in Sources */ = {isa = PBXBuildFile; fileRef = 31B10D1D2249CDA00027338A /* AppDelegate.swift */; };
		31B10D252249CDA10027338A /* Assets.xcassets in Resources */ = {isa = PBXBuildFile; fileRef = 31B10D242249CDA10027338A /* Assets.xcassets */; };
		31B10D332249F9580027338A /* KConstantDefine.swift in Sources */ = {isa = PBXBuildFile; fileRef = 31B10D322249F9580027338A /* KConstantDefine.swift */; };
		31B10D372249FCE10027338A /* ZJYBaseViewController.swift in Sources */ = {isa = PBXBuildFile; fileRef = 31B10D362249FCE10027338A /* ZJYBaseViewController.swift */; };
		31B10D392249FD510027338A /* ZJYBaseModel.swift in Sources */ = {isa = PBXBuildFile; fileRef = 31B10D382249FD510027338A /* ZJYBaseModel.swift */; };
		31B10D422249FF210027338A /* ZJYHomeVC.swift in Sources */ = {isa = PBXBuildFile; fileRef = 31B10D412249FF210027338A /* ZJYHomeVC.swift */; };
		31B10D442249FF710027338A /* ZJYFindVC.swift in Sources */ = {isa = PBXBuildFile; fileRef = 31B10D432249FF710027338A /* ZJYFindVC.swift */; };
		31B10D462249FF8A0027338A /* ZJYOrderVC.swift in Sources */ = {isa = PBXBuildFile; fileRef = 31B10D452249FF8A0027338A /* ZJYOrderVC.swift */; };
		31B10D482249FF990027338A /* ZJYMyVC.swift in Sources */ = {isa = PBXBuildFile; fileRef = 31B10D472249FF990027338A /* ZJYMyVC.swift */; };
		31B10D4A224A01540027338A /* ZJYTabbarVC.swift in Sources */ = {isa = PBXBuildFile; fileRef = 31B10D49224A01540027338A /* ZJYTabbarVC.swift */; };
		F0DD38DFDF3C82BDE96FB415 /* Pods_driving_tour_swift.framework in Frameworks */ = {isa = PBXBuildFile; fileRef = 76E5C581791EED223C0BAB14 /* Pods_driving_tour_swift.framework */; };
/* End PBXBuildFile section */

/* Begin PBXFileReference section */
		31B10D1A2249CDA00027338A /* driving_tour_swift.app */ = {isa = PBXFileReference; explicitFileType = wrapper.application; includeInIndex = 0; path = driving_tour_swift.app; sourceTree = BUILT_PRODUCTS_DIR; };
		31B10D1D2249CDA00027338A /* AppDelegate.swift */ = {isa = PBXFileReference; lastKnownFileType = sourcecode.swift; path = AppDelegate.swift; sourceTree = "<group>"; };
		31B10D242249CDA10027338A /* Assets.xcassets */ = {isa = PBXFileReference; lastKnownFileType = folder.assetcatalog; path = Assets.xcassets; sourceTree = "<group>"; };
		31B10D292249CDA10027338A /* Info.plist */ = {isa = PBXFileReference; lastKnownFileType = text.plist.xml; path = Info.plist; sourceTree = "<group>"; };
		31B10D2F2249F6600027338A /* driving_tour_swift-Bridging-Header.h */ = {isa = PBXFileReference; lastKnownFileType = sourcecode.c.h; path = "driving_tour_swift-Bridging-Header.h"; sourceTree = "<group>"; };
		31B10D322249F9580027338A /* KConstantDefine.swift */ = {isa = PBXFileReference; lastKnownFileType = sourcecode.swift; path = KConstantDefine.swift; sourceTree = "<group>"; };
		31B10D362249FCE10027338A /* ZJYBaseViewController.swift */ = {isa = PBXFileReference; lastKnownFileType = sourcecode.swift; path = ZJYBaseViewController.swift; sourceTree = "<group>"; };
		31B10D382249FD510027338A /* ZJYBaseModel.swift */ = {isa = PBXFileReference; lastKnownFileType = sourcecode.swift; path = ZJYBaseModel.swift; sourceTree = "<group>"; };
		31B10D412249FF210027338A /* ZJYHomeVC.swift */ = {isa = PBXFileReference; lastKnownFileType = sourcecode.swift; path = ZJYHomeVC.swift; sourceTree = "<group>"; };
		31B10D432249FF710027338A /* ZJYFindVC.swift */ = {isa = PBXFileReference; lastKnownFileType = sourcecode.swift; path = ZJYFindVC.swift; sourceTree = "<group>"; };
		31B10D452249FF8A0027338A /* ZJYOrderVC.swift */ = {isa = PBXFileReference; lastKnownFileType = sourcecode.swift; path = ZJYOrderVC.swift; sourceTree = "<group>"; };
		31B10D472249FF990027338A /* ZJYMyVC.swift */ = {isa = PBXFileReference; lastKnownFileType = sourcecode.swift; path = ZJYMyVC.swift; sourceTree = "<group>"; };
		31B10D49224A01540027338A /* ZJYTabbarVC.swift */ = {isa = PBXFileReference; lastKnownFileType = sourcecode.swift; path = ZJYTabbarVC.swift; sourceTree = "<group>"; };
		5D43ABE7DAABB3234C488652 /* Pods-driving_tour_swift.release.xcconfig */ = {isa = PBXFileReference; includeInIndex = 1; lastKnownFileType = text.xcconfig; name = "Pods-driving_tour_swift.release.xcconfig"; path = "Target Support Files/Pods-driving_tour_swift/Pods-driving_tour_swift.release.xcconfig"; sourceTree = "<group>"; };
		76E5C581791EED223C0BAB14 /* Pods_driving_tour_swift.framework */ = {isa = PBXFileReference; explicitFileType = wrapper.framework; includeInIndex = 0; path = Pods_driving_tour_swift.framework; sourceTree = BUILT_PRODUCTS_DIR; };
		BDD0D7EA93ABF61821E61025 /* Pods-driving_tour_swift.debug.xcconfig */ = {isa = PBXFileReference; includeInIndex = 1; lastKnownFileType = text.xcconfig; name = "Pods-driving_tour_swift.debug.xcconfig"; path = "Target Support Files/Pods-driving_tour_swift/Pods-driving_tour_swift.debug.xcconfig"; sourceTree = "<group>"; };
/* End PBXFileReference section */

/* Begin PBXFrameworksBuildPhase section */
		31B10D172249CDA00027338A /* Frameworks */ = {
			isa = PBXFrameworksBuildPhase;
			buildActionMask = 2147483647;
			files = (
				F0DD38DFDF3C82BDE96FB415 /* Pods_driving_tour_swift.framework in Frameworks */,
			);
			runOnlyForDeploymentPostprocessing = 0;
		};
/* End PBXFrameworksBuildPhase section */

/* Begin PBXGroup section */
		261BB51CEEEA0C745E067B09 /* Frameworks */ = {
			isa = PBXGroup;
			children = (
				76E5C581791EED223C0BAB14 /* Pods_driving_tour_swift.framework */,
			);
			name = Frameworks;
			sourceTree = "<group>";
		};
		31B10D112249CDA00027338A = {
			isa = PBXGroup;
			children = (
				31B10D1C2249CDA00027338A /* driving_tour_swift */,
				31B10D1B2249CDA00027338A /* Products */,
				8054B7CB69941F6ABAEBDD53 /* Pods */,
				261BB51CEEEA0C745E067B09 /* Frameworks */,
			);
			sourceTree = "<group>";
		};
		31B10D1B2249CDA00027338A /* Products */ = {
			isa = PBXGroup;
			children = (
				31B10D1A2249CDA00027338A /* driving_tour_swift.app */,
			);
			name = Products;
			sourceTree = "<group>";
		};
		31B10D1C2249CDA00027338A /* driving_tour_swift */ = {
			isa = PBXGroup;
			children = (
				31B10D1D2249CDA00027338A /* AppDelegate.swift */,
				31B10D3C2249FD710027338A /* New Group2 */,
				31B10D3B2249FD6E0027338A /* New Group1 */,
				31B10D3A2249FD6B0027338A /* UI */,
				31B10D352249FC7C0027338A /* Base */,
				31B10D342249FC020027338A /* app support */,
			);
			path = driving_tour_swift;
			sourceTree = "<group>";
		};
		31B10D342249FC020027338A /* app support */ = {
			isa = PBXGroup;
			children = (
				31B10D2F2249F6600027338A /* driving_tour_swift-Bridging-Header.h */,
				31B10D322249F9580027338A /* KConstantDefine.swift */,
				31B10D242249CDA10027338A /* Assets.xcassets */,
				31B10D292249CDA10027338A /* Info.plist */,
			);
			path = "app support";
			sourceTree = "<group>";
		};
		31B10D352249FC7C0027338A /* Base */ = {
			isa = PBXGroup;
			children = (
				31B10D362249FCE10027338A /* ZJYBaseViewController.swift */,
				31B10D382249FD510027338A /* ZJYBaseModel.swift */,
				31B10D49224A01540027338A /* ZJYTabbarVC.swift */,
			);
			path = Base;
			sourceTree = "<group>";
		};
		31B10D3A2249FD6B0027338A /* UI */ = {
			isa = PBXGroup;
			children = (
				31B10D3D2249FDCA0027338A /* Home */,
				31B10D402249FDE90027338A /* Find */,
				31B10D3F2249FDE70027338A /* Order */,
				31B10D3E2249FDE30027338A /* My */,
			);
			path = UI;
			sourceTree = "<group>";
		};
		31B10D3B2249FD6E0027338A /* New Group1 */ = {
			isa = PBXGroup;
			children = (
			);
			path = "New Group1";
			sourceTree = "<group>";
		};
		31B10D3C2249FD710027338A /* New Group2 */ = {
			isa = PBXGroup;
			children = (
			);
			path = "New Group2";
			sourceTree = "<group>";
		};
		31B10D3D2249FDCA0027338A /* Home */ = {
			isa = PBXGroup;
			children = (
				31B10D412249FF210027338A /* ZJYHomeVC.swift */,
			);
			path = Home;
			sourceTree = "<group>";
		};
		31B10D3E2249FDE30027338A /* My */ = {
			isa = PBXGroup;
			children = (
				31B10D472249FF990027338A /* ZJYMyVC.swift */,
			);
			path = My;
			sourceTree = "<group>";
		};
		31B10D3F2249FDE70027338A /* Order */ = {
			isa = PBXGroup;
			children = (
				31B10D452249FF8A0027338A /* ZJYOrderVC.swift */,
			);
			path = Order;
			sourceTree = "<group>";
		};
		31B10D402249FDE90027338A /* Find */ = {
			isa = PBXGroup;
			children = (
				31B10D432249FF710027338A /* ZJYFindVC.swift */,
			);
			path = Find;
			sourceTree = "<group>";
		};
		8054B7CB69941F6ABAEBDD53 /* Pods */ = {
			isa = PBXGroup;
			children = (
				BDD0D7EA93ABF61821E61025 /* Pods-driving_tour_swift.debug.xcconfig */,
				5D43ABE7DAABB3234C488652 /* Pods-driving_tour_swift.release.xcconfig */,
			);
			path = Pods;
			sourceTree = "<group>";
		};
/* End PBXGroup section */

/* Begin PBXNativeTarget section */
		31B10D192249CDA00027338A /* driving_tour_swift */ = {
			isa = PBXNativeTarget;
			buildConfigurationList = 31B10D2C2249CDA10027338A /* Build configuration list for PBXNativeTarget "driving_tour_swift" */;
			buildPhases = (
				8047FD9C0DF1B02A701FDAD7 /* [CP] Check Pods Manifest.lock */,
				31B10D162249CDA00027338A /* Sources */,
				31B10D172249CDA00027338A /* Frameworks */,
				31B10D182249CDA00027338A /* Resources */,
				85668AA90B518DF49ECC8951 /* [CP] Embed Pods Frameworks */,
			);
			buildRules = (
			);
			dependencies = (
			);
			name = driving_tour_swift;
			productName = driving_tour_swift;
			productReference = 31B10D1A2249CDA00027338A /* driving_tour_swift.app */;
			productType = "com.apple.product-type.application";
		};
/* End PBXNativeTarget section */

/* Begin PBXProject section */
		31B10D122249CDA00027338A /* Project object */ = {
			isa = PBXProject;
			attributes = {
				LastSwiftUpdateCheck = 1010;
				LastUpgradeCheck = 1010;
				ORGANIZATIONNAME = FKD;
				TargetAttributes = {
					31B10D192249CDA00027338A = {
						CreatedOnToolsVersion = 10.1;
						LastSwiftMigration = 1010;
					};
				};
			};
			buildConfigurationList = 31B10D152249CDA00027338A /* Build configuration list for PBXProject "driving_tour_swift" */;
			compatibilityVersion = "Xcode 9.3";
			developmentRegion = en;
			hasScannedForEncodings = 0;
			knownRegions = (
				en,
				Base,
			);
			mainGroup = 31B10D112249CDA00027338A;
			productRefGroup = 31B10D1B2249CDA00027338A /* Products */;
			projectDirPath = "";
			projectRoot = "";
			targets = (
				31B10D192249CDA00027338A /* driving_tour_swift */,
			);
		};
/* End PBXProject section */

/* Begin PBXResourcesBuildPhase section */
		31B10D182249CDA00027338A /* Resources */ = {
			isa = PBXResourcesBuildPhase;
			buildActionMask = 2147483647;
			files = (
				31B10D252249CDA10027338A /* Assets.xcassets in Resources */,
			);
			runOnlyForDeploymentPostprocessing = 0;
		};
/* End PBXResourcesBuildPhase section */

/* Begin PBXShellScriptBuildPhase section */
		8047FD9C0DF1B02A701FDAD7 /* [CP] Check Pods Manifest.lock */ = {
			isa = PBXShellScriptBuildPhase;
			buildActionMask = 2147483647;
			files = (
			);
			inputFileListPaths = (
			);
			inputPaths = (
				"${PODS_PODFILE_DIR_PATH}/Podfile.lock",
				"${PODS_ROOT}/Manifest.lock",
			);
			name = "[CP] Check Pods Manifest.lock";
			outputFileListPaths = (
			);
			outputPaths = (
				"$(DERIVED_FILE_DIR)/Pods-driving_tour_swift-checkManifestLockResult.txt",
			);
			runOnlyForDeploymentPostprocessing = 0;
			shellPath = /bin/sh;
			shellScript = "diff \"${PODS_PODFILE_DIR_PATH}/Podfile.lock\" \"${PODS_ROOT}/Manifest.lock\" > /dev/null\nif [ $? != 0 ] ; then\n    # print error to STDERR\n    echo \"error: The sandbox is not in sync with the Podfile.lock. Run 'pod install' or update your CocoaPods installation.\" >&2\n    exit 1\nfi\n# This output is used by Xcode 'outputs' to avoid re-running this script phase.\necho \"SUCCESS\" > \"${SCRIPT_OUTPUT_FILE_0}\"\n";
			showEnvVarsInLog = 0;
		};
		85668AA90B518DF49ECC8951 /* [CP] Embed Pods Frameworks */ = {
			isa = PBXShellScriptBuildPhase;
			buildActionMask = 2147483647;
			files = (
			);
			inputFileListPaths = (
				"${PODS_ROOT}/Target Support Files/Pods-driving_tour_swift/Pods-driving_tour_swift-frameworks-${CONFIGURATION}-input-files.xcfilelist",
			);
			name = "[CP] Embed Pods Frameworks";
			outputFileListPaths = (
				"${PODS_ROOT}/Target Support Files/Pods-driving_tour_swift/Pods-driving_tour_swift-frameworks-${CONFIGURATION}-output-files.xcfilelist",
			);
			runOnlyForDeploymentPostprocessing = 0;
			shellPath = /bin/sh;
			shellScript = "\"${PODS_ROOT}/Target Support Files/Pods-driving_tour_swift/Pods-driving_tour_swift-frameworks.sh\"\n";
			showEnvVarsInLog = 0;
		};
/* End PBXShellScriptBuildPhase section */

/* Begin PBXSourcesBuildPhase section */
		31B10D162249CDA00027338A /* Sources */ = {
			isa = PBXSourcesBuildPhase;
			buildActionMask = 2147483647;
			files = (
				31B10D442249FF710027338A /* ZJYFindVC.swift in Sources */,
				31B10D332249F9580027338A /* KConstantDefine.swift in Sources */,
				31B10D372249FCE10027338A /* ZJYBaseViewController.swift in Sources */,
				31B10D482249FF990027338A /* ZJYMyVC.swift in Sources */,
				31B10D1E2249CDA00027338A /* AppDelegate.swift in Sources */,
				31B10D462249FF8A0027338A /* ZJYOrderVC.swift in Sources */,
				31B10D392249FD510027338A /* ZJYBaseModel.swift in Sources */,
				31B10D4A224A01540027338A /* ZJYTabbarVC.swift in Sources */,
				31B10D422249FF210027338A /* ZJYHomeVC.swift in Sources */,
			);
			runOnlyForDeploymentPostprocessing = 0;
		};
/* End PBXSourcesBuildPhase section */

/* Begin XCBuildConfiguration section */
		31B10D2A2249CDA10027338A /* Debug */ = {
			isa = XCBuildConfiguration;
			buildSettings = {
				ALWAYS_SEARCH_USER_PATHS = NO;
				CLANG_ANALYZER_NONNULL = YES;
				CLANG_ANALYZER_NUMBER_OBJECT_CONVERSION = YES_AGGRESSIVE;
				CLANG_CXX_LANGUAGE_STANDARD = "gnu++14";
				CLANG_CXX_LIBRARY = "libc++";
				CLANG_ENABLE_MODULES = YES;
				CLANG_ENABLE_OBJC_ARC = YES;
				CLANG_ENABLE_OBJC_WEAK = YES;
				CLANG_WARN_BLOCK_CAPTURE_AUTORELEASING = YES;
				CLANG_WARN_BOOL_CONVERSION = YES;
				CLANG_WARN_COMMA = YES;
				CLANG_WARN_CONSTANT_CONVERSION = YES;
				CLANG_WARN_DEPRECATED_OBJC_IMPLEMENTATIONS = YES;
				CLANG_WARN_DIRECT_OBJC_ISA_USAGE = YES_ERROR;
				CLANG_WARN_DOCUMENTATION_COMMENTS = YES;
				CLANG_WARN_EMPTY_BODY = YES;
				CLANG_WARN_ENUM_CONVERSION = YES;
				CLANG_WARN_INFINITE_RECURSION = YES;
				CLANG_WARN_INT_CONVERSION = YES;
				CLANG_WARN_NON_LITERAL_NULL_CONVERSION = YES;
				CLANG_WARN_OBJC_IMPLICIT_RETAIN_SELF = YES;
				CLANG_WARN_OBJC_LITERAL_CONVERSION = YES;
				CLANG_WARN_OBJC_ROOT_CLASS = YES_ERROR;
				CLANG_WARN_RANGE_LOOP_ANALYSIS = YES;
				CLANG_WARN_STRICT_PROTOTYPES = YES;
				CLANG_WARN_SUSPICIOUS_MOVE = YES;
				CLANG_WARN_UNGUARDED_AVAILABILITY = YES_AGGRESSIVE;
				CLANG_WARN_UNREACHABLE_CODE = YES;
				CLANG_WARN__DUPLICATE_METHOD_MATCH = YES;
				CODE_SIGN_IDENTITY = "iPhone Developer";
				COPY_PHASE_STRIP = NO;
				DEBUG_INFORMATION_FORMAT = dwarf;
				ENABLE_STRICT_OBJC_MSGSEND = YES;
				ENABLE_TESTABILITY = YES;
				GCC_C_LANGUAGE_STANDARD = gnu11;
				GCC_DYNAMIC_NO_PIC = NO;
				GCC_NO_COMMON_BLOCKS = YES;
				GCC_OPTIMIZATION_LEVEL = 0;
				GCC_PREPROCESSOR_DEFINITIONS = (
					"DEBUG=1",
					"$(inherited)",
				);
				GCC_WARN_64_TO_32_BIT_CONVERSION = YES;
				GCC_WARN_ABOUT_RETURN_TYPE = YES_ERROR;
				GCC_WARN_UNDECLARED_SELECTOR = YES;
				GCC_WARN_UNINITIALIZED_AUTOS = YES_AGGRESSIVE;
				GCC_WARN_UNUSED_FUNCTION = YES;
				GCC_WARN_UNUSED_VARIABLE = YES;
				IPHONEOS_DEPLOYMENT_TARGET = 12.1;
				MTL_ENABLE_DEBUG_INFO = INCLUDE_SOURCE;
				MTL_FAST_MATH = YES;
				ONLY_ACTIVE_ARCH = YES;
				SDKROOT = iphoneos;
				SWIFT_ACTIVE_COMPILATION_CONDITIONS = DEBUG;
				SWIFT_OPTIMIZATION_LEVEL = "-Onone";
			};
			name = Debug;
		};
		31B10D2B2249CDA10027338A /* Release */ = {
			isa = XCBuildConfiguration;
			buildSettings = {
				ALWAYS_SEARCH_USER_PATHS = NO;
				CLANG_ANALYZER_NONNULL = YES;
				CLANG_ANALYZER_NUMBER_OBJECT_CONVERSION = YES_AGGRESSIVE;
				CLANG_CXX_LANGUAGE_STANDARD = "gnu++14";
				CLANG_CXX_LIBRARY = "libc++";
				CLANG_ENABLE_MODULES = YES;
				CLANG_ENABLE_OBJC_ARC = YES;
				CLANG_ENABLE_OBJC_WEAK = YES;
				CLANG_WARN_BLOCK_CAPTURE_AUTORELEASING = YES;
				CLANG_WARN_BOOL_CONVERSION = YES;
				CLANG_WARN_COMMA = YES;
				CLANG_WARN_CONSTANT_CONVERSION = YES;
				CLANG_WARN_DEPRECATED_OBJC_IMPLEMENTATIONS = YES;
				CLANG_WARN_DIRECT_OBJC_ISA_USAGE = YES_ERROR;
				CLANG_WARN_DOCUMENTATION_COMMENTS = YES;
				CLANG_WARN_EMPTY_BODY = YES;
				CLANG_WARN_ENUM_CONVERSION = YES;
				CLANG_WARN_INFINITE_RECURSION = YES;
				CLANG_WARN_INT_CONVERSION = YES;
				CLANG_WARN_NON_LITERAL_NULL_CONVERSION = YES;
				CLANG_WARN_OBJC_IMPLICIT_RETAIN_SELF = YES;
				CLANG_WARN_OBJC_LITERAL_CONVERSION = YES;
				CLANG_WARN_OBJC_ROOT_CLASS = YES_ERROR;
				CLANG_WARN_RANGE_LOOP_ANALYSIS = YES;
				CLANG_WARN_STRICT_PROTOTYPES = YES;
				CLANG_WARN_SUSPICIOUS_MOVE = YES;
				CLANG_WARN_UNGUARDED_AVAILABILITY = YES_AGGRESSIVE;
				CLANG_WARN_UNREACHABLE_CODE = YES;
				CLANG_WARN__DUPLICATE_METHOD_MATCH = YES;
				CODE_SIGN_IDENTITY = "iPhone Developer";
				COPY_PHASE_STRIP = NO;
				DEBUG_INFORMATION_FORMAT = "dwarf-with-dsym";
				ENABLE_NS_ASSERTIONS = NO;
				ENABLE_STRICT_OBJC_MSGSEND = YES;
				GCC_C_LANGUAGE_STANDARD = gnu11;
				GCC_NO_COMMON_BLOCKS = YES;
				GCC_WARN_64_TO_32_BIT_CONVERSION = YES;
				GCC_WARN_ABOUT_RETURN_TYPE = YES_ERROR;
				GCC_WARN_UNDECLARED_SELECTOR = YES;
				GCC_WARN_UNINITIALIZED_AUTOS = YES_AGGRESSIVE;
				GCC_WARN_UNUSED_FUNCTION = YES;
				GCC_WARN_UNUSED_VARIABLE = YES;
				IPHONEOS_DEPLOYMENT_TARGET = 12.1;
				MTL_ENABLE_DEBUG_INFO = NO;
				MTL_FAST_MATH = YES;
				SDKROOT = iphoneos;
				SWIFT_COMPILATION_MODE = wholemodule;
				SWIFT_OPTIMIZATION_LEVEL = "-O";
				VALIDATE_PRODUCT = YES;
			};
			name = Release;
		};
		31B10D2D2249CDA10027338A /* Debug */ = {
			isa = XCBuildConfiguration;
			baseConfigurationReference = BDD0D7EA93ABF61821E61025 /* Pods-driving_tour_swift.debug.xcconfig */;
			buildSettings = {
				ASSETCATALOG_COMPILER_APPICON_NAME = AppIcon;
				ASSETCATALOG_COMPILER_LAUNCHIMAGE_NAME = LaunchImage;
				CLANG_ENABLE_MODULES = YES;
				CODE_SIGN_STYLE = Automatic;
				DEVELOPMENT_TEAM = VW8U9YA9E8;
				INFOPLIST_FILE = "driving_tour_swift/app support/Info.plist";
				IPHONEOS_DEPLOYMENT_TARGET = 10.0;
				LD_RUNPATH_SEARCH_PATHS = (
					"$(inherited)",
					"@executable_path/Frameworks",
				);
				PRODUCT_BUNDLE_IDENTIFIER = "com.FanKD.www.driving-tour-swift";
				PRODUCT_NAME = "$(TARGET_NAME)";
				SWIFT_OBJC_BRIDGING_HEADER = "driving_tour_swift/app support/driving_tour_swift-Bridging-Header.h";
				SWIFT_OPTIMIZATION_LEVEL = "-Onone";
				SWIFT_VERSION = 4.2;
				TARGETED_DEVICE_FAMILY = 1;
			};
			name = Debug;
		};
		31B10D2E2249CDA10027338A /* Release */ = {
			isa = XCBuildConfiguration;
			baseConfigurationReference = 5D43ABE7DAABB3234C488652 /* Pods-driving_tour_swift.release.xcconfig */;
			buildSettings = {
				ASSETCATALOG_COMPILER_APPICON_NAME = AppIcon;
				ASSETCATALOG_COMPILER_LAUNCHIMAGE_NAME = LaunchImage;
				CLANG_ENABLE_MODULES = YES;
				CODE_SIGN_STYLE = Automatic;
				DEVELOPMENT_TEAM = VW8U9YA9E8;
				INFOPLIST_FILE = "driving_tour_swift/app support/Info.plist";
				IPHONEOS_DEPLOYMENT_TARGET = 10.0;
				LD_RUNPATH_SEARCH_PATHS = (
					"$(inherited)",
					"@executable_path/Frameworks",
				);
				PRODUCT_BUNDLE_IDENTIFIER = "com.FanKD.www.driving-tour-swift";
				PRODUCT_NAME = "$(TARGET_NAME)";
				SWIFT_OBJC_BRIDGING_HEADER = "driving_tour_swift/app support/driving_tour_swift-Bridging-Header.h";
				SWIFT_VERSION = 4.2;
				TARGETED_DEVICE_FAMILY = 1;
			};
			name = Release;
		};
/* End XCBuildConfiguration section */

/* Begin XCConfigurationList section */
		31B10D152249CDA00027338A /* Build configuration list for PBXProject "driving_tour_swift" */ = {
			isa = XCConfigurationList;
			buildConfigurations = (
				31B10D2A2249CDA10027338A /* Debug */,
				31B10D2B2249CDA10027338A /* Release */,
			);
			defaultConfigurationIsVisible = 0;
			defaultConfigurationName = Release;
		};
		31B10D2C2249CDA10027338A /* Build configuration list for PBXNativeTarget "driving_tour_swift" */ = {
			isa = XCConfigurationList;
			buildConfigurations = (
				31B10D2D2249CDA10027338A /* Debug */,
				31B10D2E2249CDA10027338A /* Release */,
			);
			defaultConfigurationIsVisible = 0;
			defaultConfigurationName = Release;
		};
/* End XCConfigurationList section */
	};
	rootObject = 31B10D122249CDA00027338A /* Project object */;
}
